// !$*UTF8*$!
{
	archiveVersion = 1;
	classes = {
	};
	objectVersion = 46;
	objects = {

/* Begin PBXBuildFile section */
		8D031F251BFE8B6F00DCDF92 /* AppDelegate.swift in Sources */ = {isa = PBXBuildFile; fileRef = 8D031F241BFE8B6F00DCDF92 /* AppDelegate.swift */; };
		8D031F271BFE8B6F00DCDF92 /* MBGMainViewController.swift in Sources */ = {isa = PBXBuildFile; fileRef = 8D031F261BFE8B6F00DCDF92 /* MBGMainViewController.swift */; };
		8D031F2A1BFE8B6F00DCDF92 /* Main.storyboard in Resources */ = {isa = PBXBuildFile; fileRef = 8D031F281BFE8B6F00DCDF92 /* Main.storyboard */; };
		8D031F2D1BFE8B6F00DCDF92 /* MBG_Feed.xcdatamodeld in Sources */ = {isa = PBXBuildFile; fileRef = 8D031F2B1BFE8B6F00DCDF92 /* MBG_Feed.xcdatamodeld */; };
		8D031F2F1BFE8B6F00DCDF92 /* Assets.xcassets in Resources */ = {isa = PBXBuildFile; fileRef = 8D031F2E1BFE8B6F00DCDF92 /* Assets.xcassets */; };
		8D031F321BFE8B6F00DCDF92 /* LaunchScreen.storyboard in Resources */ = {isa = PBXBuildFile; fileRef = 8D031F301BFE8B6F00DCDF92 /* LaunchScreen.storyboard */; };
		8D031F3D1BFE8B6F00DCDF92 /* MBG_FeedTests.swift in Sources */ = {isa = PBXBuildFile; fileRef = 8D031F3C1BFE8B6F00DCDF92 /* MBG_FeedTests.swift */; };
		8D031F481BFE8B6F00DCDF92 /* MBG_FeedUITests.swift in Sources */ = {isa = PBXBuildFile; fileRef = 8D031F471BFE8B6F00DCDF92 /* MBG_FeedUITests.swift */; };
		8D031F631BFEB18E00DCDF92 /* separator.png in Resources */ = {isa = PBXBuildFile; fileRef = 8D031F621BFEB18E00DCDF92 /* separator.png */; };
		8D031F661BFEB3DA00DCDF92 /* MBGArticleFeedTableViewCell.swift in Sources */ = {isa = PBXBuildFile; fileRef = 8D031F651BFEB3DA00DCDF92 /* MBGArticleFeedTableViewCell.swift */; };
		8D4F792B1C0038D600FAA567 /* MBGFullArticleHeaderTableViewCell.swift in Sources */ = {isa = PBXBuildFile; fileRef = 8D4F792A1C0038D600FAA567 /* MBGFullArticleHeaderTableViewCell.swift */; };
		8D4F792D1C0039F500FAA567 /* MBGFullArticleImageTableViewCell.swift in Sources */ = {isa = PBXBuildFile; fileRef = 8D4F792C1C0039F500FAA567 /* MBGFullArticleImageTableViewCell.swift */; };
		8D4F792F1C003A7900FAA567 /* MBGFullArticleBodyTableViewCell.swift in Sources */ = {isa = PBXBuildFile; fileRef = 8D4F792E1C003A7900FAA567 /* MBGFullArticleBodyTableViewCell.swift */; };
		8D4F79311C003BB900FAA567 /* MBGFullArticleTableViewController.swift in Sources */ = {isa = PBXBuildFile; fileRef = 8D4F79301C003BB900FAA567 /* MBGFullArticleTableViewController.swift */; };
		8D4F79351C00EA9700FAA567 /* landspeeder.jpg in Resources */ = {isa = PBXBuildFile; fileRef = 8D4F79341C00EA9700FAA567 /* landspeeder.jpg */; };
		8D4F79371C00F71000FAA567 /* MBGWebViewController.swift in Sources */ = {isa = PBXBuildFile; fileRef = 8D4F79361C00F71000FAA567 /* MBGWebViewController.swift */; };
		8D4F79391C010B3900FAA567 /* logo.png in Resources */ = {isa = PBXBuildFile; fileRef = 8D4F79381C010B3900FAA567 /* logo.png */; };
		8D7061E81BFEC3CE00CB80F6 /* splash.png in Resources */ = {isa = PBXBuildFile; fileRef = 8D7061E71BFEC3CE00CB80F6 /* splash.png */; };
/* End PBXBuildFile section */

/* Begin PBXContainerItemProxy section */
		8D031F391BFE8B6F00DCDF92 /* PBXContainerItemProxy */ = {
			isa = PBXContainerItemProxy;
			containerPortal = 8D031F191BFE8B6F00DCDF92 /* Project object */;
			proxyType = 1;
			remoteGlobalIDString = 8D031F201BFE8B6F00DCDF92;
			remoteInfo = "MBG Feed";
		};
		8D031F441BFE8B6F00DCDF92 /* PBXContainerItemProxy */ = {
			isa = PBXContainerItemProxy;
			containerPortal = 8D031F191BFE8B6F00DCDF92 /* Project object */;
			proxyType = 1;
			remoteGlobalIDString = 8D031F201BFE8B6F00DCDF92;
			remoteInfo = "MBG Feed";
		};
/* End PBXContainerItemProxy section */

/* Begin PBXFileReference section */
		8D031F211BFE8B6F00DCDF92 /* MBG Feed.app */ = {isa = PBXFileReference; explicitFileType = wrapper.application; includeInIndex = 0; path = "MBG Feed.app"; sourceTree = BUILT_PRODUCTS_DIR; };
		8D031F241BFE8B6F00DCDF92 /* AppDelegate.swift */ = {isa = PBXFileReference; lastKnownFileType = sourcecode.swift; path = AppDelegate.swift; sourceTree = "<group>"; };
		8D031F261BFE8B6F00DCDF92 /* MBGMainViewController.swift */ = {isa = PBXFileReference; lastKnownFileType = sourcecode.swift; path = MBGMainViewController.swift; sourceTree = "<group>"; };
		8D031F291BFE8B6F00DCDF92 /* Base */ = {isa = PBXFileReference; lastKnownFileType = file.storyboard; name = Base; path = Base.lproj/Main.storyboard; sourceTree = "<group>"; };
		8D031F2C1BFE8B6F00DCDF92 /* MBG_Feed.xcdatamodel */ = {isa = PBXFileReference; lastKnownFileType = wrapper.xcdatamodel; path = MBG_Feed.xcdatamodel; sourceTree = "<group>"; };
		8D031F2E1BFE8B6F00DCDF92 /* Assets.xcassets */ = {isa = PBXFileReference; lastKnownFileType = folder.assetcatalog; path = Assets.xcassets; sourceTree = "<group>"; };
		8D031F311BFE8B6F00DCDF92 /* Base */ = {isa = PBXFileReference; lastKnownFileType = file.storyboard; name = Base; path = Base.lproj/LaunchScreen.storyboard; sourceTree = "<group>"; };
		8D031F331BFE8B6F00DCDF92 /* Info.plist */ = {isa = PBXFileReference; lastKnownFileType = text.plist.xml; path = Info.plist; sourceTree = "<group>"; };
		8D031F381BFE8B6F00DCDF92 /* MBG FeedTests.xctest */ = {isa = PBXFileReference; explicitFileType = wrapper.cfbundle; includeInIndex = 0; path = "MBG FeedTests.xctest"; sourceTree = BUILT_PRODUCTS_DIR; };
		8D031F3C1BFE8B6F00DCDF92 /* MBG_FeedTests.swift */ = {isa = PBXFileReference; lastKnownFileType = sourcecode.swift; path = MBG_FeedTests.swift; sourceTree = "<group>"; };
		8D031F3E1BFE8B6F00DCDF92 /* Info.plist */ = {isa = PBXFileReference; lastKnownFileType = text.plist.xml; path = Info.plist; sourceTree = "<group>"; };
		8D031F431BFE8B6F00DCDF92 /* MBG FeedUITests.xctest */ = {isa = PBXFileReference; explicitFileType = wrapper.cfbundle; includeInIndex = 0; path = "MBG FeedUITests.xctest"; sourceTree = BUILT_PRODUCTS_DIR; };
		8D031F471BFE8B6F00DCDF92 /* MBG_FeedUITests.swift */ = {isa = PBXFileReference; lastKnownFileType = sourcecode.swift; path = MBG_FeedUITests.swift; sourceTree = "<group>"; };
		8D031F491BFE8B6F00DCDF92 /* Info.plist */ = {isa = PBXFileReference; lastKnownFileType = text.plist.xml; path = Info.plist; sourceTree = "<group>"; };
		8D031F621BFEB18E00DCDF92 /* separator.png */ = {isa = PBXFileReference; lastKnownFileType = image.png; path = separator.png; sourceTree = "<group>"; };
		8D031F651BFEB3DA00DCDF92 /* MBGArticleFeedTableViewCell.swift */ = {isa = PBXFileReference; fileEncoding = 4; lastKnownFileType = sourcecode.swift; path = MBGArticleFeedTableViewCell.swift; sourceTree = "<group>"; };
		8D4F792A1C0038D600FAA567 /* MBGFullArticleHeaderTableViewCell.swift */ = {isa = PBXFileReference; fileEncoding = 4; lastKnownFileType = sourcecode.swift; path = MBGFullArticleHeaderTableViewCell.swift; sourceTree = "<group>"; };
		8D4F792C1C0039F500FAA567 /* MBGFullArticleImageTableViewCell.swift */ = {isa = PBXFileReference; fileEncoding = 4; lastKnownFileType = sourcecode.swift; path = MBGFullArticleImageTableViewCell.swift; sourceTree = "<group>"; };
		8D4F792E1C003A7900FAA567 /* MBGFullArticleBodyTableViewCell.swift */ = {isa = PBXFileReference; fileEncoding = 4; lastKnownFileType = sourcecode.swift; path = MBGFullArticleBodyTableViewCell.swift; sourceTree = "<group>"; };
		8D4F79301C003BB900FAA567 /* MBGFullArticleTableViewController.swift */ = {isa = PBXFileReference; fileEncoding = 4; lastKnownFileType = sourcecode.swift; path = MBGFullArticleTableViewController.swift; sourceTree = "<group>"; };
		8D4F79341C00EA9700FAA567 /* landspeeder.jpg */ = {isa = PBXFileReference; lastKnownFileType = image.jpeg; path = landspeeder.jpg; sourceTree = "<group>"; };
		8D4F79361C00F71000FAA567 /* MBGWebViewController.swift */ = {isa = PBXFileReference; fileEncoding = 4; lastKnownFileType = sourcecode.swift; path = MBGWebViewController.swift; sourceTree = "<group>"; };
		8D4F79381C010B3900FAA567 /* logo.png */ = {isa = PBXFileReference; lastKnownFileType = image.png; path = logo.png; sourceTree = "<group>"; };
		8D7061E71BFEC3CE00CB80F6 /* splash.png */ = {isa = PBXFileReference; lastKnownFileType = image.png; path = splash.png; sourceTree = "<group>"; };
/* End PBXFileReference section */

/* Begin PBXFrameworksBuildPhase section */
		8D031F1E1BFE8B6F00DCDF92 /* Frameworks */ = {
			isa = PBXFrameworksBuildPhase;
			buildActionMask = 2147483647;
			files = (
			);
			runOnlyForDeploymentPostprocessing = 0;
		};
		8D031F351BFE8B6F00DCDF92 /* Frameworks */ = {
			isa = PBXFrameworksBuildPhase;
			buildActionMask = 2147483647;
			files = (
			);
			runOnlyForDeploymentPostprocessing = 0;
		};
		8D031F401BFE8B6F00DCDF92 /* Frameworks */ = {
			isa = PBXFrameworksBuildPhase;
			buildActionMask = 2147483647;
			files = (
			);
			runOnlyForDeploymentPostprocessing = 0;
		};
/* End PBXFrameworksBuildPhase section */

/* Begin PBXGroup section */
		8D031F181BFE8B6F00DCDF92 = {
			isa = PBXGroup;
			children = (
				8D031F231BFE8B6F00DCDF92 /* MBG Feed */,
				8D031F3B1BFE8B6F00DCDF92 /* MBG FeedTests */,
				8D031F461BFE8B6F00DCDF92 /* MBG FeedUITests */,
				8D031F221BFE8B6F00DCDF92 /* Products */,
			);
			sourceTree = "<group>";
		};
		8D031F221BFE8B6F00DCDF92 /* Products */ = {
			isa = PBXGroup;
			children = (
				8D031F211BFE8B6F00DCDF92 /* MBG Feed.app */,
				8D031F381BFE8B6F00DCDF92 /* MBG FeedTests.xctest */,
				8D031F431BFE8B6F00DCDF92 /* MBG FeedUITests.xctest */,
			);
			name = Products;
			sourceTree = "<group>";
		};
		8D031F231BFE8B6F00DCDF92 /* MBG Feed */ = {
			isa = PBXGroup;
			children = (
				8D4F79331C00E73A00FAA567 /* controllers */,
				8D4F79321C00E72200FAA567 /* storyboards */,
				8D031F641BFEB37A00DCDF92 /* views */,
				8D031F5B1BFE9A1800DCDF92 /* images */,
				8D031F241BFE8B6F00DCDF92 /* AppDelegate.swift */,
				8D031F2E1BFE8B6F00DCDF92 /* Assets.xcassets */,
				8D031F331BFE8B6F00DCDF92 /* Info.plist */,
				8D031F2B1BFE8B6F00DCDF92 /* MBG_Feed.xcdatamodeld */,
			);
			path = "MBG Feed";
			sourceTree = "<group>";
		};
		8D031F3B1BFE8B6F00DCDF92 /* MBG FeedTests */ = {
			isa = PBXGroup;
			children = (
				8D031F3C1BFE8B6F00DCDF92 /* MBG_FeedTests.swift */,
				8D031F3E1BFE8B6F00DCDF92 /* Info.plist */,
			);
			path = "MBG FeedTests";
			sourceTree = "<group>";
		};
		8D031F461BFE8B6F00DCDF92 /* MBG FeedUITests */ = {
			isa = PBXGroup;
			children = (
				8D031F471BFE8B6F00DCDF92 /* MBG_FeedUITests.swift */,
				8D031F491BFE8B6F00DCDF92 /* Info.plist */,
			);
			path = "MBG FeedUITests";
			sourceTree = "<group>";
		};
		8D031F5B1BFE9A1800DCDF92 /* images */ = {
			isa = PBXGroup;
			children = (
				8D4F79381C010B3900FAA567 /* logo.png */,
				8D4F79341C00EA9700FAA567 /* landspeeder.jpg */,
				8D7061E71BFEC3CE00CB80F6 /* splash.png */,
				8D031F621BFEB18E00DCDF92 /* separator.png */,
			);
			name = images;
			sourceTree = "<group>";
		};
		8D031F641BFEB37A00DCDF92 /* views */ = {
			isa = PBXGroup;
			children = (
				8D031F651BFEB3DA00DCDF92 /* MBGArticleFeedTableViewCell.swift */,
				8D4F792A1C0038D600FAA567 /* MBGFullArticleHeaderTableViewCell.swift */,
				8D4F792C1C0039F500FAA567 /* MBGFullArticleImageTableViewCell.swift */,
				8D4F792E1C003A7900FAA567 /* MBGFullArticleBodyTableViewCell.swift */,
			);
			name = views;
			sourceTree = "<group>";
		};
		8D4F79321C00E72200FAA567 /* storyboards */ = {
			isa = PBXGroup;
			children = (
				8D031F301BFE8B6F00DCDF92 /* LaunchScreen.storyboard */,
				8D031F281BFE8B6F00DCDF92 /* Main.storyboard */,
			);
			name = storyboards;
			sourceTree = "<group>";
		};
		8D4F79331C00E73A00FAA567 /* controllers */ = {
			isa = PBXGroup;
			children = (
				8D4F79301C003BB900FAA567 /* MBGFullArticleTableViewController.swift */,
				8D031F261BFE8B6F00DCDF92 /* MBGMainViewController.swift */,
				8D4F79361C00F71000FAA567 /* MBGWebViewController.swift */,
			);
			name = controllers;
			sourceTree = "<group>";
		};
/* End PBXGroup section */

/* Begin PBXNativeTarget section */
		8D031F201BFE8B6F00DCDF92 /* MBG Feed */ = {
			isa = PBXNativeTarget;
			buildConfigurationList = 8D031F4C1BFE8B6F00DCDF92 /* Build configuration list for PBXNativeTarget "MBG Feed" */;
			buildPhases = (
				8D031F1D1BFE8B6F00DCDF92 /* Sources */,
				8D031F1E1BFE8B6F00DCDF92 /* Frameworks */,
				8D031F1F1BFE8B6F00DCDF92 /* Resources */,
			);
			buildRules = (
			);
			dependencies = (
			);
			name = "MBG Feed";
			productName = "MBG Feed";
			productReference = 8D031F211BFE8B6F00DCDF92 /* MBG Feed.app */;
			productType = "com.apple.product-type.application";
		};
		8D031F371BFE8B6F00DCDF92 /* MBG FeedTests */ = {
			isa = PBXNativeTarget;
			buildConfigurationList = 8D031F4F1BFE8B6F00DCDF92 /* Build configuration list for PBXNativeTarget "MBG FeedTests" */;
			buildPhases = (
				8D031F341BFE8B6F00DCDF92 /* Sources */,
				8D031F351BFE8B6F00DCDF92 /* Frameworks */,
				8D031F361BFE8B6F00DCDF92 /* Resources */,
			);
			buildRules = (
			);
			dependencies = (
				8D031F3A1BFE8B6F00DCDF92 /* PBXTargetDependency */,
			);
			name = "MBG FeedTests";
			productName = "MBG FeedTests";
			productReference = 8D031F381BFE8B6F00DCDF92 /* MBG FeedTests.xctest */;
			productType = "com.apple.product-type.bundle.unit-test";
		};
		8D031F421BFE8B6F00DCDF92 /* MBG FeedUITests */ = {
			isa = PBXNativeTarget;
			buildConfigurationList = 8D031F521BFE8B6F00DCDF92 /* Build configuration list for PBXNativeTarget "MBG FeedUITests" */;
			buildPhases = (
				8D031F3F1BFE8B6F00DCDF92 /* Sources */,
				8D031F401BFE8B6F00DCDF92 /* Frameworks */,
				8D031F411BFE8B6F00DCDF92 /* Resources */,
			);
			buildRules = (
			);
			dependencies = (
				8D031F451BFE8B6F00DCDF92 /* PBXTargetDependency */,
			);
			name = "MBG FeedUITests";
			productName = "MBG FeedUITests";
			productReference = 8D031F431BFE8B6F00DCDF92 /* MBG FeedUITests.xctest */;
			productType = "com.apple.product-type.bundle.ui-testing";
		};
/* End PBXNativeTarget section */

/* Begin PBXProject section */
		8D031F191BFE8B6F00DCDF92 /* Project object */ = {
			isa = PBXProject;
			attributes = {
				LastSwiftUpdateCheck = 0710;
				LastUpgradeCheck = 0710;
				ORGANIZATIONNAME = "Jon Whitmore";
				TargetAttributes = {
					8D031F201BFE8B6F00DCDF92 = {
						CreatedOnToolsVersion = 7.1.1;
					};
					8D031F371BFE8B6F00DCDF92 = {
						CreatedOnToolsVersion = 7.1.1;
						TestTargetID = 8D031F201BFE8B6F00DCDF92;
					};
					8D031F421BFE8B6F00DCDF92 = {
						CreatedOnToolsVersion = 7.1.1;
						TestTargetID = 8D031F201BFE8B6F00DCDF92;
					};
				};
			};
			buildConfigurationList = 8D031F1C1BFE8B6F00DCDF92 /* Build configuration list for PBXProject "MBG Feed" */;
			compatibilityVersion = "Xcode 3.2";
			developmentRegion = English;
			hasScannedForEncodings = 0;
			knownRegions = (
				en,
				Base,
			);
			mainGroup = 8D031F181BFE8B6F00DCDF92;
			productRefGroup = 8D031F221BFE8B6F00DCDF92 /* Products */;
			projectDirPath = "";
			projectRoot = "";
			targets = (
				8D031F201BFE8B6F00DCDF92 /* MBG Feed */,
				8D031F371BFE8B6F00DCDF92 /* MBG FeedTests */,
				8D031F421BFE8B6F00DCDF92 /* MBG FeedUITests */,
			);
		};
/* End PBXProject section */

/* Begin PBXResourcesBuildPhase section */
		8D031F1F1BFE8B6F00DCDF92 /* Resources */ = {
			isa = PBXResourcesBuildPhase;
			buildActionMask = 2147483647;
			files = (
				8D031F631BFEB18E00DCDF92 /* separator.png in Resources */,
				8D4F79351C00EA9700FAA567 /* landspeeder.jpg in Resources */,
				8D031F321BFE8B6F00DCDF92 /* LaunchScreen.storyboard in Resources */,
				8D031F2F1BFE8B6F00DCDF92 /* Assets.xcassets in Resources */,
				8D4F79391C010B3900FAA567 /* logo.png in Resources */,
				8D031F2A1BFE8B6F00DCDF92 /* Main.storyboard in Resources */,
				8D7061E81BFEC3CE00CB80F6 /* splash.png in Resources */,
			);
			runOnlyForDeploymentPostprocessing = 0;
		};
		8D031F361BFE8B6F00DCDF92 /* Resources */ = {
			isa = PBXResourcesBuildPhase;
			buildActionMask = 2147483647;
			files = (
			);
			runOnlyForDeploymentPostprocessing = 0;
		};
		8D031F411BFE8B6F00DCDF92 /* Resources */ = {
			isa = PBXResourcesBuildPhase;
			buildActionMask = 2147483647;
			files = (
			);
			runOnlyForDeploymentPostprocessing = 0;
		};
/* End PBXResourcesBuildPhase section */

/* Begin PBXSourcesBuildPhase section */
		8D031F1D1BFE8B6F00DCDF92 /* Sources */ = {
			isa = PBXSourcesBuildPhase;
			buildActionMask = 2147483647;
			files = (
				8D4F792F1C003A7900FAA567 /* MBGFullArticleBodyTableViewCell.swift in Sources */,
				8D4F792B1C0038D600FAA567 /* MBGFullArticleHeaderTableViewCell.swift in Sources */,
				8D031F2D1BFE8B6F00DCDF92 /* MBG_Feed.xcdatamodeld in Sources */,
				8D031F661BFEB3DA00DCDF92 /* MBGArticleFeedTableViewCell.swift in Sources */,
				8D4F79371C00F71000FAA567 /* MBGWebViewController.swift in Sources */,
				8D031F271BFE8B6F00DCDF92 /* MBGMainViewController.swift in Sources */,
				8D4F792D1C0039F500FAA567 /* MBGFullArticleImageTableViewCell.swift in Sources */,
				8D4F79311C003BB900FAA567 /* MBGFullArticleTableViewController.swift in Sources */,
				8D031F251BFE8B6F00DCDF92 /* AppDelegate.swift in Sources */,
			);
			runOnlyForDeploymentPostprocessing = 0;
		};
		8D031F341BFE8B6F00DCDF92 /* Sources */ = {
			isa = PBXSourcesBuildPhase;
			buildActionMask = 2147483647;
			files = (
				8D031F3D1BFE8B6F00DCDF92 /* MBG_FeedTests.swift in Sources */,
			);
			runOnlyForDeploymentPostprocessing = 0;
		};
		8D031F3F1BFE8B6F00DCDF92 /* Sources */ = {
			isa = PBXSourcesBuildPhase;
			buildActionMask = 2147483647;
			files = (
				8D031F481BFE8B6F00DCDF92 /* MBG_FeedUITests.swift in Sources */,
			);
			runOnlyForDeploymentPostprocessing = 0;
		};
/* End PBXSourcesBuildPhase section */

/* Begin PBXTargetDependency section */
		8D031F3A1BFE8B6F00DCDF92 /* PBXTargetDependency */ = {
			isa = PBXTargetDependency;
			target = 8D031F201BFE8B6F00DCDF92 /* MBG Feed */;
			targetProxy = 8D031F391BFE8B6F00DCDF92 /* PBXContainerItemProxy */;
		};
		8D031F451BFE8B6F00DCDF92 /* PBXTargetDependency */ = {
			isa = PBXTargetDependency;
			target = 8D031F201BFE8B6F00DCDF92 /* MBG Feed */;
			targetProxy = 8D031F441BFE8B6F00DCDF92 /* PBXContainerItemProxy */;
		};
/* End PBXTargetDependency section */

/* Begin PBXVariantGroup section */
		8D031F281BFE8B6F00DCDF92 /* Main.storyboard */ = {
			isa = PBXVariantGroup;
			children = (
				8D031F291BFE8B6F00DCDF92 /* Base */,
			);
			name = Main.storyboard;
			sourceTree = "<group>";
		};
		8D031F301BFE8B6F00DCDF92 /* LaunchScreen.storyboard */ = {
			isa = PBXVariantGroup;
			children = (
				8D031F311BFE8B6F00DCDF92 /* Base */,
			);
			name = LaunchScreen.storyboard;
			sourceTree = "<group>";
		};
/* End PBXVariantGroup section */

/* Begin XCBuildConfiguration section */
		8D031F4A1BFE8B6F00DCDF92 /* Debug */ = {
			isa = XCBuildConfiguration;
			buildSettings = {
				ALWAYS_SEARCH_USER_PATHS = NO;
				CLANG_CXX_LANGUAGE_STANDARD = "gnu++0x";
				CLANG_CXX_LIBRARY = "libc++";
				CLANG_ENABLE_MODULES = YES;
				CLANG_ENABLE_OBJC_ARC = YES;
				CLANG_WARN_BOOL_CONVERSION = YES;
				CLANG_WARN_CONSTANT_CONVERSION = YES;
				CLANG_WARN_DIRECT_OBJC_ISA_USAGE = YES_ERROR;
				CLANG_WARN_EMPTY_BODY = YES;
				CLANG_WARN_ENUM_CONVERSION = YES;
				CLANG_WARN_INT_CONVERSION = YES;
				CLANG_WARN_OBJC_ROOT_CLASS = YES_ERROR;
				CLANG_WARN_UNREACHABLE_CODE = YES;
				CLANG_WARN__DUPLICATE_METHOD_MATCH = YES;
				"CODE_SIGN_IDENTITY[sdk=iphoneos*]" = "iPhone Developer";
				COPY_PHASE_STRIP = NO;
				DEBUG_INFORMATION_FORMAT = dwarf;
				ENABLE_STRICT_OBJC_MSGSEND = YES;
				ENABLE_TESTABILITY = YES;
				GCC_C_LANGUAGE_STANDARD = gnu99;
				GCC_DYNAMIC_NO_PIC = NO;
				GCC_NO_COMMON_BLOCKS = YES;
				GCC_OPTIMIZATION_LEVEL = 0;
				GCC_PREPROCESSOR_DEFINITIONS = (
					"DEBUG=1",
					"$(inherited)",
				);
				GCC_WARN_64_TO_32_BIT_CONVERSION = YES;
				GCC_WARN_ABOUT_RETURN_TYPE = YES_ERROR;
				GCC_WARN_UNDECLARED_SELECTOR = YES;
				GCC_WARN_UNINITIALIZED_AUTOS = YES_AGGRESSIVE;
				GCC_WARN_UNUSED_FUNCTION = YES;
				GCC_WARN_UNUSED_VARIABLE = YES;
				IPHONEOS_DEPLOYMENT_TARGET = 9.1;
				MTL_ENABLE_DEBUG_INFO = YES;
				ONLY_ACTIVE_ARCH = YES;
				SDKROOT = iphoneos;
				SWIFT_OPTIMIZATION_LEVEL = "-Onone";
				TARGETED_DEVICE_FAMILY = "1,2";
			};
			name = Debug;
		};
		8D031F4B1BFE8B6F00DCDF92 /* Release */ = {
			isa = XCBuildConfiguration;
			buildSettings = {
				ALWAYS_SEARCH_USER_PATHS = NO;
				CLANG_CXX_LANGUAGE_STANDARD = "gnu++0x";
				CLANG_CXX_LIBRARY = "libc++";
				CLANG_ENABLE_MODULES = YES;
				CLANG_ENABLE_OBJC_ARC = YES;
				CLANG_WARN_BOOL_CONVERSION = YES;
				CLANG_WARN_CONSTANT_CONVERSION = YES;
				CLANG_WARN_DIRECT_OBJC_ISA_USAGE = YES_ERROR;
				CLANG_WARN_EMPTY_BODY = YES;
				CLANG_WARN_ENUM_CONVERSION = YES;
				CLANG_WARN_INT_CONVERSION = YES;
				CLANG_WARN_OBJC_ROOT_CLASS = YES_ERROR;
				CLANG_WARN_UNREACHABLE_CODE = YES;
				CLANG_WARN__DUPLICATE_METHOD_MATCH = YES;
				"CODE_SIGN_IDENTITY[sdk=iphoneos*]" = "iPhone Developer";
				COPY_PHASE_STRIP = NO;
				DEBUG_INFORMATION_FORMAT = "dwarf-with-dsym";
				ENABLE_NS_ASSERTIONS = NO;
				ENABLE_STRICT_OBJC_MSGSEND = YES;
				GCC_C_LANGUAGE_STANDARD = gnu99;
				GCC_NO_COMMON_BLOCKS = YES;
				GCC_WARN_64_TO_32_BIT_CONVERSION = YES;
				GCC_WARN_ABOUT_RETURN_TYPE = YES_ERROR;
				GCC_WARN_UNDECLARED_SELECTOR = YES;
				GCC_WARN_UNINITIALIZED_AUTOS = YES_AGGRESSIVE;
				GCC_WARN_UNUSED_FUNCTION = YES;
				GCC_WARN_UNUSED_VARIABLE = YES;
				IPHONEOS_DEPLOYMENT_TARGET = 9.1;
				MTL_ENABLE_DEBUG_INFO = NO;
				SDKROOT = iphoneos;
				TARGETED_DEVICE_FAMILY = "1,2";
				VALIDATE_PRODUCT = YES;
			};
			name = Release;
		};
		8D031F4D1BFE8B6F00DCDF92 /* Debug */ = {
			isa = XCBuildConfiguration;
			buildSettings = {
				ASSETCATALOG_COMPILER_APPICON_NAME = AppIcon;
				INFOPLIST_FILE = "MBG Feed/Info.plist";
				LD_RUNPATH_SEARCH_PATHS = "$(inherited) @executable_path/Frameworks";
				PRODUCT_BUNDLE_IDENTIFIER = "SNW.MBG-Feed";
				PRODUCT_NAME = "$(TARGET_NAME)";
			};
			name = Debug;
		};
		8D031F4E1BFE8B6F00DCDF92 /* Release */ = {
			isa = XCBuildConfiguration;
			buildSettings = {
				ASSETCATALOG_COMPILER_APPICON_NAME = AppIcon;
				INFOPLIST_FILE = "MBG Feed/Info.plist";
				LD_RUNPATH_SEARCH_PATHS = "$(inherited) @executable_path/Frameworks";
				PRODUCT_BUNDLE_IDENTIFIER = "SNW.MBG-Feed";
				PRODUCT_NAME = "$(TARGET_NAME)";
			};
			name = Release;
		};
		8D031F501BFE8B6F00DCDF92 /* Debug */ = {
			isa = XCBuildConfiguration;
			buildSettings = {
				BUNDLE_LOADER = "$(TEST_HOST)";
				INFOPLIST_FILE = "MBG FeedTests/Info.plist";
				LD_RUNPATH_SEARCH_PATHS = "$(inherited) @executable_path/Frameworks @loader_path/Frameworks";
				PRODUCT_BUNDLE_IDENTIFIER = "SNW.MBG-FeedTests";
				PRODUCT_NAME = "$(TARGET_NAME)";
				TEST_HOST = "$(BUILT_PRODUCTS_DIR)/MBG Feed.app/MBG Feed";
			};
			name = Debug;
		};
		8D031F511BFE8B6F00DCDF92 /* Release */ = {
			isa = XCBuildConfiguration;
			buildSettings = {
				BUNDLE_LOADER = "$(TEST_HOST)";
				INFOPLIST_FILE = "MBG FeedTests/Info.plist";
				LD_RUNPATH_SEARCH_PATHS = "$(inherited) @executable_path/Frameworks @loader_path/Frameworks";
				PRODUCT_BUNDLE_IDENTIFIER = "SNW.MBG-FeedTests";
				PRODUCT_NAME = "$(TARGET_NAME)";
				TEST_HOST = "$(BUILT_PRODUCTS_DIR)/MBG Feed.app/MBG Feed";
			};
			name = Release;
		};
		8D031F531BFE8B6F00DCDF92 /* Debug */ = {
			isa = XCBuildConfiguration;
			buildSettings = {
				INFOPLIST_FILE = "MBG FeedUITests/Info.plist";
				LD_RUNPATH_SEARCH_PATHS = "$(inherited) @executable_path/Frameworks @loader_path/Frameworks";
				PRODUCT_BUNDLE_IDENTIFIER = "SNW.MBG-FeedUITests";
				PRODUCT_NAME = "$(TARGET_NAME)";
				TEST_TARGET_NAME = "MBG Feed";
				USES_XCTRUNNER = YES;
			};
			name = Debug;
		};
		8D031F541BFE8B6F00DCDF92 /* Release */ = {
			isa = XCBuildConfiguration;
			buildSettings = {
				INFOPLIST_FILE = "MBG FeedUITests/Info.plist";
				LD_RUNPATH_SEARCH_PATHS = "$(inherited) @executable_path/Frameworks @loader_path/Frameworks";
				PRODUCT_BUNDLE_IDENTIFIER = "SNW.MBG-FeedUITests";
				PRODUCT_NAME = "$(TARGET_NAME)";
				TEST_TARGET_NAME = "MBG Feed";
				USES_XCTRUNNER = YES;
			};
			name = Release;
		};
/* End XCBuildConfiguration section */

/* Begin XCConfigurationList section */
		8D031F1C1BFE8B6F00DCDF92 /* Build configuration list for PBXProject "MBG Feed" */ = {
			isa = XCConfigurationList;
			buildConfigurations = (
				8D031F4A1BFE8B6F00DCDF92 /* Debug */,
				8D031F4B1BFE8B6F00DCDF92 /* Release */,
			);
			defaultConfigurationIsVisible = 0;
			defaultConfigurationName = Release;
		};
		8D031F4C1BFE8B6F00DCDF92 /* Build configuration list for PBXNativeTarget "MBG Feed" */ = {
			isa = XCConfigurationList;
			buildConfigurations = (
				8D031F4D1BFE8B6F00DCDF92 /* Debug */,
				8D031F4E1BFE8B6F00DCDF92 /* Release */,
			);
			defaultConfigurationIsVisible = 0;
			defaultConfigurationName = Release;
		};
		8D031F4F1BFE8B6F00DCDF92 /* Build configuration list for PBXNativeTarget "MBG FeedTests" */ = {
			isa = XCConfigurationList;
			buildConfigurations = (
				8D031F501BFE8B6F00DCDF92 /* Debug */,
				8D031F511BFE8B6F00DCDF92 /* Release */,
			);
			defaultConfigurationIsVisible = 0;
			defaultConfigurationName = Release;
		};
		8D031F521BFE8B6F00DCDF92 /* Build configuration list for PBXNativeTarget "MBG FeedUITests" */ = {
			isa = XCConfigurationList;
			buildConfigurations = (
				8D031F531BFE8B6F00DCDF92 /* Debug */,
				8D031F541BFE8B6F00DCDF92 /* Release */,
			);
			defaultConfigurationIsVisible = 0;
			defaultConfigurationName = Release;
		};
/* End XCConfigurationList section */

/* Begin XCVersionGroup section */
		8D031F2B1BFE8B6F00DCDF92 /* MBG_Feed.xcdatamodeld */ = {
			isa = XCVersionGroup;
			children = (
				8D031F2C1BFE8B6F00DCDF92 /* MBG_Feed.xcdatamodel */,
			);
			currentVersion = 8D031F2C1BFE8B6F00DCDF92 /* MBG_Feed.xcdatamodel */;
			path = MBG_Feed.xcdatamodeld;
			sourceTree = "<group>";
			versionGroupType = wrapper.xcdatamodel;
		};
/* End XCVersionGroup section */
	};
	rootObject = 8D031F191BFE8B6F00DCDF92 /* Project object */;
}
